
Microsoft Visual Studio Solution File, Format Version 12.00
# Visual Studio 14
VisualStudioVersion = 14.0.25420.1
MinimumVisualStudioVersion = 10.0.40219.1
Project("{FAE04EC0-301F-11D3-BF4B-00C04F79EFBC}") = "Server", "Server\Server.csproj", "{F7DC75F5-8D33-4A58-8AC3-FA24B53D57BB}"
EndProject
Project("{FAE04EC0-301F-11D3-BF4B-00C04F79EFBC}") = "Pirates.Model", "..\Pirates.Model\Pirates.Model.csproj", "{17D21355-7F8F-4EFC-80FC-EE2B85708363}"
EndProject
Project("{FAE04EC0-301F-11D3-BF4B-00C04F79EFBC}") = "Server.Data", "Server.Data\Server.Data.csproj", "{37A04E47-C70C-4722-891F-30537CA931DB}"
EndProject
Global
	GlobalSection(SolutionConfigurationPlatforms) = preSolution
		Debug|Any CPU = Debug|Any CPU
		Release|Any CPU = Release|Any CPU
	EndGlobalSection
	GlobalSection(ProjectConfigurationPlatforms) = postSolution
		{F7DC75F5-8D33-4A58-8AC3-FA24B53D57BB}.Debug|Any CPU.ActiveCfg = Debug|Any CPU
		{F7DC75F5-8D33-4A58-8AC3-FA24B53D57BB}.Debug|Any CPU.Build.0 = Debug|Any CPU
		{F7DC75F5-8D33-4A58-8AC3-FA24B53D57BB}.Release|Any CPU.ActiveCfg = Release|Any CPU
		{F7DC75F5-8D33-4A58-8AC3-FA24B53D57BB}.Release|Any CPU.Build.0 = Release|Any CPU
		{17D21355-7F8F-4EFC-80FC-EE2B85708363}.Debug|Any CPU.ActiveCfg = Debug|Any CPU
		{17D21355-7F8F-4EFC-80FC-EE2B85708363}.Debug|Any CPU.Build.0 = Debug|Any CPU
		{17D21355-7F8F-4EFC-80FC-EE2B85708363}.Release|Any CPU.ActiveCfg = Release|Any CPU
		{17D21355-7F8F-4EFC-80FC-EE2B85708363}.Release|Any CPU.Build.0 = Release|Any CPU
		{37A04E47-C70C-4722-891F-30537CA931DB}.Debug|Any CPU.ActiveCfg = Debug|Any CPU
		{37A04E47-C70C-4722-891F-30537CA931DB}.Debug|Any CPU.Build.0 = Debug|Any CPU
		{37A04E47-C70C-4722-891F-30537CA931DB}.Release|Any CPU.ActiveCfg = Release|Any CPU
		{37A04E47-C70C-4722-891F-30537CA931DB}.Release|Any CPU.Build.0 = Release|Any CPU
	EndGlobalSection
	GlobalSection(SolutionProperties) = preSolution
		HideSolutionNode = FALSE
	EndGlobalSection
EndGlobal
